
Microsoft Visual Studio Solution File, Format Version 12.00
Project("{2150E333-8FDC-42A3-9474-1A3956D46DE8}") = "BuildingBlocks", "BuildingBlocks", "{A96A8D0B-83AD-4DB2-A6F3-3E7500AB7232}"
EndProject
Project("{2150E333-8FDC-42A3-9474-1A3956D46DE8}") = "Services", "Services", "{22EFA0C7-65FA-4954-9E9B-35A68FB90F6E}"
EndProject
Project("{2150E333-8FDC-42A3-9474-1A3956D46DE8}") = "Catalog", "Catalog", "{BD2B7EA9-F55F-4CB3-AF53-1853DA04C31C}"
EndProject
Project("{FAE04EC0-301F-11D3-BF4B-00C04F79EFBC}") = "Catalog.API", "Catalog.API\Catalog.API.csproj", "{03FD126F-5701-43C0-80E6-2B5406F6DBFC}"
EndProject
Project("{FAE04EC0-301F-11D3-BF4B-00C04F79EFBC}") = "BuildingBlocks", "BuildingBlocks\BuildingBlocks.csproj", "{2BFF08C3-4C2D-4D90-A9E9-871CF60BC551}"
EndProject
Global
	GlobalSection(SolutionConfigurationPlatforms) = preSolution
		Debug|Any CPU = Debug|Any CPU
		Release|Any CPU = Release|Any CPU
	EndGlobalSection
	GlobalSection(NestedProjects) = preSolution
		{BD2B7EA9-F55F-4CB3-AF53-1853DA04C31C} = {22EFA0C7-65FA-4954-9E9B-35A68FB90F6E}
		{03FD126F-5701-43C0-80E6-2B5406F6DBFC} = {BD2B7EA9-F55F-4CB3-AF53-1853DA04C31C}
		{2BFF08C3-4C2D-4D90-A9E9-871CF60BC551} = {A96A8D0B-83AD-4DB2-A6F3-3E7500AB7232}
	EndGlobalSection
	GlobalSection(ProjectConfigurationPlatforms) = postSolution
		{03FD126F-5701-43C0-80E6-2B5406F6DBFC}.Debug|Any CPU.ActiveCfg = Debug|Any CPU
		{03FD126F-5701-43C0-80E6-2B5406F6DBFC}.Debug|Any CPU.Build.0 = Debug|Any CPU
		{03FD126F-5701-43C0-80E6-2B5406F6DBFC}.Release|Any CPU.ActiveCfg = Release|Any CPU
		{03FD126F-5701-43C0-80E6-2B5406F6DBFC}.Release|Any CPU.Build.0 = Release|Any CPU
		{2BFF08C3-4C2D-4D90-A9E9-871CF60BC551}.Debug|Any CPU.ActiveCfg = Debug|Any CPU
		{2BFF08C3-4C2D-4D90-A9E9-871CF60BC551}.Debug|Any CPU.Build.0 = Debug|Any CPU
		{2BFF08C3-4C2D-4D90-A9E9-871CF60BC551}.Release|Any CPU.ActiveCfg = Release|Any CPU
		{2BFF08C3-4C2D-4D90-A9E9-871CF60BC551}.Release|Any CPU.Build.0 = Release|Any CPU
	EndGlobalSection
EndGlobal
